
Microsoft Visual Studio Solution File, Format Version 12.00
Project("{F2A71F9B-5D33-465A-A702-920D77279786}") = "Day01-Calorie-Counting", "Day01-Calorie-Counting\Day01-Calorie-Counting.fsproj", "{658B2CDF-7C60-4BFB-9B91-0AFD035C8742}"
EndProject
Project("{F2A71F9B-5D33-465A-A702-920D77279786}") = "Day02-Rock-Paper-Scissors", "Day02-Rock-Paper-Scissors\Day02-Rock-Paper-Scissors.fsproj", "{B7C59F69-7466-44DE-9F34-0334CED43187}"
EndProject
Project("{F2A71F9B-5D33-465A-A702-920D77279786}") = "Day03-Rucksack-Reorganization", "Day03-Rucksack-Reorganization\Day03-Rucksack-Reorganization.fsproj", "{3DB8C3B0-3F8B-4C71-9499-5EF86C46708C}"
EndProject
Project("{F2A71F9B-5D33-465A-A702-920D77279786}") = "Day04-Camp-Cleanup", "Day04-Camp-Cleanup\Day04-Camp-Cleanup.fsproj", "{246D7583-C272-4B1A-88D7-8526886D4A9A}"
EndProject
Project("{F2A71F9B-5D33-465A-A702-920D77279786}") = "Day05-Supply-Stacks", "Day05-Supply-Stacks\Day05-Supply-Stacks.fsproj", "{373EA175-787B-4296-A1A5-4DA129451D64}"
EndProject
Project("{F2A71F9B-5D33-465A-A702-920D77279786}") = "Day06-Tuning-Trouble", "Day06-Tuning-Trouble\Day06-Tuning-Trouble.fsproj", "{023346B1-4C4F-4F94-A38A-21E224486936}"
EndProject
Project("{F2A71F9B-5D33-465A-A702-920D77279786}") = "Day07-No-Space-Left-On-Device", "Day07-No-Space-Left-On-Device\Day07-No-Space-Left-On-Device.fsproj", "{9A9B564B-ED35-4E3A-B18E-B01270D86F43}"
EndProject
Project("{F2A71F9B-5D33-465A-A702-920D77279786}") = "Day08-Treetop-Tree-House", "Day08-Treetop-Tree-House\Day08-Treetop-Tree-House.fsproj", "{3C709F15-365B-487D-AA7F-11C862C99982}"
EndProject
Project("{F2A71F9B-5D33-465A-A702-920D77279786}") = "Day09-Rope-Bridge", "Day09-Rope-Bridge\Day09-Rope-Bridge.fsproj", "{BB879FCF-A409-4799-A1A4-7DCAA5A39DA8}"
EndProject
Project("{F2A71F9B-5D33-465A-A702-920D77279786}") = "Day10-Cathode-Ray-Tube", "Day10-Cathode-Ray-Tube\Day10-Cathode-Ray-Tube.fsproj", "{06A01BE7-52BF-49D3-819E-B4CD345DD906}"
EndProject
Project("{2150E333-8FDC-42A3-9474-1A3956D46DE8}") = "2022", "2022", "{BBFCDB36-F709-439B-A0A3-E4F07C6F07F4}"
EndProject
Project("{2150E333-8FDC-42A3-9474-1A3956D46DE8}") = "2023", "2023", "{A6E4A54A-71E5-4C13-8F0D-4E0D944FFCF1}"
EndProject
Project("{F2A71F9B-5D33-465A-A702-920D77279786}") = "Day01-Trebuchet", "Day01-Trebuchet\Day01-Trebuchet.fsproj", "{A5D88A6D-F8E1-457D-9C4E-E57E37979BE7}"
EndProject
Project("{F2A71F9B-5D33-465A-A702-920D77279786}") = "Day02-Cube-Conundrum", "2023\Day02-Cube-Conundrum\Day02-Cube-Conundrum.fsproj", "{CEB023ED-1AB6-4ECE-B92E-44AF76B04B93}"
EndProject
Global
	GlobalSection(SolutionConfigurationPlatforms) = preSolution
		Debug|Any CPU = Debug|Any CPU
		Release|Any CPU = Release|Any CPU
	EndGlobalSection
	GlobalSection(ProjectConfigurationPlatforms) = postSolution
		{658B2CDF-7C60-4BFB-9B91-0AFD035C8742}.Debug|Any CPU.ActiveCfg = Debug|Any CPU
		{658B2CDF-7C60-4BFB-9B91-0AFD035C8742}.Debug|Any CPU.Build.0 = Debug|Any CPU
		{658B2CDF-7C60-4BFB-9B91-0AFD035C8742}.Release|Any CPU.ActiveCfg = Release|Any CPU
		{658B2CDF-7C60-4BFB-9B91-0AFD035C8742}.Release|Any CPU.Build.0 = Release|Any CPU
		{B7C59F69-7466-44DE-9F34-0334CED43187}.Debug|Any CPU.ActiveCfg = Debug|Any CPU
		{B7C59F69-7466-44DE-9F34-0334CED43187}.Debug|Any CPU.Build.0 = Debug|Any CPU
		{B7C59F69-7466-44DE-9F34-0334CED43187}.Release|Any CPU.ActiveCfg = Release|Any CPU
		{B7C59F69-7466-44DE-9F34-0334CED43187}.Release|Any CPU.Build.0 = Release|Any CPU
		{3DB8C3B0-3F8B-4C71-9499-5EF86C46708C}.Debug|Any CPU.ActiveCfg = Debug|Any CPU
		{3DB8C3B0-3F8B-4C71-9499-5EF86C46708C}.Debug|Any CPU.Build.0 = Debug|Any CPU
		{3DB8C3B0-3F8B-4C71-9499-5EF86C46708C}.Release|Any CPU.ActiveCfg = Release|Any CPU
		{3DB8C3B0-3F8B-4C71-9499-5EF86C46708C}.Release|Any CPU.Build.0 = Release|Any CPU
		{246D7583-C272-4B1A-88D7-8526886D4A9A}.Debug|Any CPU.ActiveCfg = Debug|Any CPU
		{246D7583-C272-4B1A-88D7-8526886D4A9A}.Debug|Any CPU.Build.0 = Debug|Any CPU
		{246D7583-C272-4B1A-88D7-8526886D4A9A}.Release|Any CPU.ActiveCfg = Release|Any CPU
		{246D7583-C272-4B1A-88D7-8526886D4A9A}.Release|Any CPU.Build.0 = Release|Any CPU
		{373EA175-787B-4296-A1A5-4DA129451D64}.Debug|Any CPU.ActiveCfg = Debug|Any CPU
		{373EA175-787B-4296-A1A5-4DA129451D64}.Debug|Any CPU.Build.0 = Debug|Any CPU
		{373EA175-787B-4296-A1A5-4DA129451D64}.Release|Any CPU.ActiveCfg = Release|Any CPU
		{373EA175-787B-4296-A1A5-4DA129451D64}.Release|Any CPU.Build.0 = Release|Any CPU
		{023346B1-4C4F-4F94-A38A-21E224486936}.Debug|Any CPU.ActiveCfg = Debug|Any CPU
		{023346B1-4C4F-4F94-A38A-21E224486936}.Debug|Any CPU.Build.0 = Debug|Any CPU
		{023346B1-4C4F-4F94-A38A-21E224486936}.Release|Any CPU.ActiveCfg = Release|Any CPU
		{023346B1-4C4F-4F94-A38A-21E224486936}.Release|Any CPU.Build.0 = Release|Any CPU
		{9A9B564B-ED35-4E3A-B18E-B01270D86F43}.Debug|Any CPU.ActiveCfg = Debug|Any CPU
		{9A9B564B-ED35-4E3A-B18E-B01270D86F43}.Debug|Any CPU.Build.0 = Debug|Any CPU
		{9A9B564B-ED35-4E3A-B18E-B01270D86F43}.Release|Any CPU.ActiveCfg = Release|Any CPU
		{9A9B564B-ED35-4E3A-B18E-B01270D86F43}.Release|Any CPU.Build.0 = Release|Any CPU
		{3C709F15-365B-487D-AA7F-11C862C99982}.Debug|Any CPU.ActiveCfg = Debug|Any CPU
		{3C709F15-365B-487D-AA7F-11C862C99982}.Debug|Any CPU.Build.0 = Debug|Any CPU
		{3C709F15-365B-487D-AA7F-11C862C99982}.Release|Any CPU.ActiveCfg = Release|Any CPU
		{3C709F15-365B-487D-AA7F-11C862C99982}.Release|Any CPU.Build.0 = Release|Any CPU
		{BB879FCF-A409-4799-A1A4-7DCAA5A39DA8}.Debug|Any CPU.ActiveCfg = Debug|Any CPU
		{BB879FCF-A409-4799-A1A4-7DCAA5A39DA8}.Debug|Any CPU.Build.0 = Debug|Any CPU
		{BB879FCF-A409-4799-A1A4-7DCAA5A39DA8}.Release|Any CPU.ActiveCfg = Release|Any CPU
		{BB879FCF-A409-4799-A1A4-7DCAA5A39DA8}.Release|Any CPU.Build.0 = Release|Any CPU
		{06A01BE7-52BF-49D3-819E-B4CD345DD906}.Debug|Any CPU.ActiveCfg = Debug|Any CPU
		{06A01BE7-52BF-49D3-819E-B4CD345DD906}.Debug|Any CPU.Build.0 = Debug|Any CPU
		{06A01BE7-52BF-49D3-819E-B4CD345DD906}.Release|Any CPU.ActiveCfg = Release|Any CPU
		{06A01BE7-52BF-49D3-819E-B4CD345DD906}.Release|Any CPU.Build.0 = Release|Any CPU
		{A5D88A6D-F8E1-457D-9C4E-E57E37979BE7}.Debug|Any CPU.ActiveCfg = Debug|Any CPU
		{A5D88A6D-F8E1-457D-9C4E-E57E37979BE7}.Debug|Any CPU.Build.0 = Debug|Any CPU
		{A5D88A6D-F8E1-457D-9C4E-E57E37979BE7}.Release|Any CPU.ActiveCfg = Release|Any CPU
		{A5D88A6D-F8E1-457D-9C4E-E57E37979BE7}.Release|Any CPU.Build.0 = Release|Any CPU
		{CEB023ED-1AB6-4ECE-B92E-44AF76B04B93}.Debug|Any CPU.ActiveCfg = Debug|Any CPU
		{CEB023ED-1AB6-4ECE-B92E-44AF76B04B93}.Debug|Any CPU.Build.0 = Debug|Any CPU
		{CEB023ED-1AB6-4ECE-B92E-44AF76B04B93}.Release|Any CPU.ActiveCfg = Release|Any CPU
		{CEB023ED-1AB6-4ECE-B92E-44AF76B04B93}.Release|Any CPU.Build.0 = Release|Any CPU
	EndGlobalSection
	GlobalSection(NestedProjects) = preSolution
		{658B2CDF-7C60-4BFB-9B91-0AFD035C8742} = {BBFCDB36-F709-439B-A0A3-E4F07C6F07F4}
		{B7C59F69-7466-44DE-9F34-0334CED43187} = {BBFCDB36-F709-439B-A0A3-E4F07C6F07F4}
		{3DB8C3B0-3F8B-4C71-9499-5EF86C46708C} = {BBFCDB36-F709-439B-A0A3-E4F07C6F07F4}
		{246D7583-C272-4B1A-88D7-8526886D4A9A} = {BBFCDB36-F709-439B-A0A3-E4F07C6F07F4}
		{373EA175-787B-4296-A1A5-4DA129451D64} = {BBFCDB36-F709-439B-A0A3-E4F07C6F07F4}
		{023346B1-4C4F-4F94-A38A-21E224486936} = {BBFCDB36-F709-439B-A0A3-E4F07C6F07F4}
		{9A9B564B-ED35-4E3A-B18E-B01270D86F43} = {BBFCDB36-F709-439B-A0A3-E4F07C6F07F4}
		{3C709F15-365B-487D-AA7F-11C862C99982} = {BBFCDB36-F709-439B-A0A3-E4F07C6F07F4}
		{BB879FCF-A409-4799-A1A4-7DCAA5A39DA8} = {BBFCDB36-F709-439B-A0A3-E4F07C6F07F4}
		{06A01BE7-52BF-49D3-819E-B4CD345DD906} = {BBFCDB36-F709-439B-A0A3-E4F07C6F07F4}
		{A5D88A6D-F8E1-457D-9C4E-E57E37979BE7} = {A6E4A54A-71E5-4C13-8F0D-4E0D944FFCF1}
		{CEB023ED-1AB6-4ECE-B92E-44AF76B04B93} = {A6E4A54A-71E5-4C13-8F0D-4E0D944FFCF1}
	EndGlobalSection
EndGlobal
